
Microsoft Visual Studio Solution File, Format Version 12.00
# Visual Studio Version 17
VisualStudioVersion = 17.3.32922.545
MinimumVisualStudioVersion = 10.0.40219.1
Project("{9A19103F-16F7-4668-BE54-9A1E7A4F7556}") = "OnOffSoftware.Dashly.API", "OnOffSoftware.Dashly.Api\OnOffSoftware.Dashly.API.csproj", "{8F069C1A-371A-4208-868F-9FB9CD0C3274}"
EndProject
Project("{9A19103F-16F7-4668-BE54-9A1E7A4F7556}") = "OnOffSoftware.Dashly.Common", "OnOffSoftware.Dashly.Common\OnOffSoftware.Dashly.Common.csproj", "{D72F9EB2-1D22-46A1-B849-AA58A992B59D}"
EndProject
Project("{9A19103F-16F7-4668-BE54-9A1E7A4F7556}") = "OnOffSoftware.Dashly.Repository", "OnOffSoftware.Dashly.Repository\OnOffSoftware.Dashly.Repository.csproj", "{ECE87796-87C3-44BA-835A-BDCD59662C06}"
EndProject
Project("{9A19103F-16F7-4668-BE54-9A1E7A4F7556}") = "OnOffSoftware.Dashly.Core", "OnOffSoftware.Dashly.Core\OnOffSoftware.Dashly.Core.csproj", "{A060AE5E-DF13-480E-AE3B-19882925C37D}"
EndProject
Global
	GlobalSection(SolutionConfigurationPlatforms) = preSolution
		Debug|Any CPU = Debug|Any CPU
		Release|Any CPU = Release|Any CPU
	EndGlobalSection
	GlobalSection(ProjectConfigurationPlatforms) = postSolution
		{8F069C1A-371A-4208-868F-9FB9CD0C3274}.Debug|Any CPU.ActiveCfg = Debug|Any CPU
		{8F069C1A-371A-4208-868F-9FB9CD0C3274}.Debug|Any CPU.Build.0 = Debug|Any CPU
		{8F069C1A-371A-4208-868F-9FB9CD0C3274}.Release|Any CPU.ActiveCfg = Release|Any CPU
		{8F069C1A-371A-4208-868F-9FB9CD0C3274}.Release|Any CPU.Build.0 = Release|Any CPU
		{D72F9EB2-1D22-46A1-B849-AA58A992B59D}.Debug|Any CPU.ActiveCfg = Debug|Any CPU
		{D72F9EB2-1D22-46A1-B849-AA58A992B59D}.Debug|Any CPU.Build.0 = Debug|Any CPU
		{D72F9EB2-1D22-46A1-B849-AA58A992B59D}.Release|Any CPU.ActiveCfg = Release|Any CPU
		{D72F9EB2-1D22-46A1-B849-AA58A992B59D}.Release|Any CPU.Build.0 = Release|Any CPU
		{ECE87796-87C3-44BA-835A-BDCD59662C06}.Debug|Any CPU.ActiveCfg = Debug|Any CPU
		{ECE87796-87C3-44BA-835A-BDCD59662C06}.Debug|Any CPU.Build.0 = Debug|Any CPU
		{ECE87796-87C3-44BA-835A-BDCD59662C06}.Release|Any CPU.ActiveCfg = Release|Any CPU
		{ECE87796-87C3-44BA-835A-BDCD59662C06}.Release|Any CPU.Build.0 = Release|Any CPU
		{A060AE5E-DF13-480E-AE3B-19882925C37D}.Debug|Any CPU.ActiveCfg = Debug|Any CPU
		{A060AE5E-DF13-480E-AE3B-19882925C37D}.Debug|Any CPU.Build.0 = Debug|Any CPU
		{A060AE5E-DF13-480E-AE3B-19882925C37D}.Release|Any CPU.ActiveCfg = Release|Any CPU
		{A060AE5E-DF13-480E-AE3B-19882925C37D}.Release|Any CPU.Build.0 = Release|Any CPU
	EndGlobalSection
	GlobalSection(SolutionProperties) = preSolution
		HideSolutionNode = FALSE
	EndGlobalSection
	GlobalSection(ExtensibilityGlobals) = postSolution
		SolutionGuid = {C6E08F4D-1228-43F3-A46D-DE284B2F8AC0}
	EndGlobalSection
EndGlobal
